
Microsoft Visual Studio Solution File, Format Version 12.00
# Visual Studio Version 17
VisualStudioVersion = 17.2.32630.192
MinimumVisualStudioVersion = 10.0.40219.1
Project("{FAE04EC0-301F-11D3-BF4B-00C04F79EFBC}") = "AddressBook", "AddressBook.csproj", "{C56DD32C-84DC-481B-9374-7F269222C090}"
EndProject
Global
	GlobalSection(SolutionConfigurationPlatforms) = preSolution
		Debug|Any CPU = Debug|Any CPU
		Release|Any CPU = Release|Any CPU
	EndGlobalSection
	GlobalSection(ProjectConfigurationPlatforms) = postSolution
		{C56DD32C-84DC-481B-9374-7F269222C090}.Debug|Any CPU.ActiveCfg = Debug|Any CPU
		{C56DD32C-84DC-481B-9374-7F269222C090}.Debug|Any CPU.Build.0 = Debug|Any CPU
		{C56DD32C-84DC-481B-9374-7F269222C090}.Release|Any CPU.ActiveCfg = Release|Any CPU
		{C56DD32C-84DC-481B-9374-7F269222C090}.Release|Any CPU.Build.0 = Release|Any CPU
	EndGlobalSection
	GlobalSection(SolutionProperties) = preSolution
		HideSolutionNode = FALSE
	EndGlobalSection
	GlobalSection(ExtensibilityGlobals) = postSolution
		SolutionGuid = {5099B989-B5AB-4B71-A1D7-353D8A649D20}
	EndGlobalSection
EndGlobal
